// !$*UTF8*$!
{
	archiveVersion = 1;
	classes = {
	};
	objectVersion = 48;
	objects = {

/* Begin PBXBuildFile section */
		2BD6AC6EAE284F278F7E2994 /* libPods-JYBinderDemo.a in Frameworks */ = {isa = PBXBuildFile; fileRef = D19A8CF1800196C6C3A851B3 /* libPods-JYBinderDemo.a */; };
		562E13511FE3AC38009C78AB /* AppDelegate.m in Sources */ = {isa = PBXBuildFile; fileRef = 562E13501FE3AC38009C78AB /* AppDelegate.m */; };
		562E13541FE3AC38009C78AB /* ViewController.m in Sources */ = {isa = PBXBuildFile; fileRef = 562E13531FE3AC38009C78AB /* ViewController.m */; };
		562E13571FE3AC38009C78AB /* Main.storyboard in Resources */ = {isa = PBXBuildFile; fileRef = 562E13551FE3AC38009C78AB /* Main.storyboard */; };
		562E13591FE3AC38009C78AB /* Assets.xcassets in Resources */ = {isa = PBXBuildFile; fileRef = 562E13581FE3AC38009C78AB /* Assets.xcassets */; };
		562E135C1FE3AC38009C78AB /* LaunchScreen.storyboard in Resources */ = {isa = PBXBuildFile; fileRef = 562E135A1FE3AC38009C78AB /* LaunchScreen.storyboard */; };
		562E135F1FE3AC38009C78AB /* main.m in Sources */ = {isa = PBXBuildFile; fileRef = 562E135E1FE3AC38009C78AB /* main.m */; };
		562E13691FE3AC39009C78AB /* JYBinderDemoTests.m in Sources */ = {isa = PBXBuildFile; fileRef = 562E13681FE3AC39009C78AB /* JYBinderDemoTests.m */; };
		562E13741FE3AC39009C78AB /* JYBinderDemoUITests.m in Sources */ = {isa = PBXBuildFile; fileRef = 562E13731FE3AC39009C78AB /* JYBinderDemoUITests.m */; };
		562E13831FE3B251009C78AB /* Person.m in Sources */ = {isa = PBXBuildFile; fileRef = 562E13821FE3B251009C78AB /* Person.m */; };
/* End PBXBuildFile section */

/* Begin PBXContainerItemProxy section */
		562E13651FE3AC39009C78AB /* PBXContainerItemProxy */ = {
			isa = PBXContainerItemProxy;
			containerPortal = 562E13441FE3AC38009C78AB /* Project object */;
			proxyType = 1;
			remoteGlobalIDString = 562E134B1FE3AC38009C78AB;
			remoteInfo = JYBinderDemo;
		};
		562E13701FE3AC39009C78AB /* PBXContainerItemProxy */ = {
			isa = PBXContainerItemProxy;
			containerPortal = 562E13441FE3AC38009C78AB /* Project object */;
			proxyType = 1;
			remoteGlobalIDString = 562E134B1FE3AC38009C78AB;
			remoteInfo = JYBinderDemo;
		};
/* End PBXContainerItemProxy section */

/* Begin PBXFileReference section */
		0FFBEEF4485A8F32AF7F33E7 /* Pods-JYBinderDemo.debug.xcconfig */ = {isa = PBXFileReference; includeInIndex = 1; lastKnownFileType = text.xcconfig; name = "Pods-JYBinderDemo.debug.xcconfig"; path = "Pods/Target Support Files/Pods-JYBinderDemo/Pods-JYBinderDemo.debug.xcconfig"; sourceTree = "<group>"; };
		44449FC1B18CB7BCDDF249CD /* Pods-JYBinderDemo.release.xcconfig */ = {isa = PBXFileReference; includeInIndex = 1; lastKnownFileType = text.xcconfig; name = "Pods-JYBinderDemo.release.xcconfig"; path = "Pods/Target Support Files/Pods-JYBinderDemo/Pods-JYBinderDemo.release.xcconfig"; sourceTree = "<group>"; };
		562E134C1FE3AC38009C78AB /* JYBinderDemo.app */ = {isa = PBXFileReference; explicitFileType = wrapper.application; includeInIndex = 0; path = JYBinderDemo.app; sourceTree = BUILT_PRODUCTS_DIR; };
		562E134F1FE3AC38009C78AB /* AppDelegate.h */ = {isa = PBXFileReference; lastKnownFileType = sourcecode.c.h; path = AppDelegate.h; sourceTree = "<group>"; };
		562E13501FE3AC38009C78AB /* AppDelegate.m */ = {isa = PBXFileReference; lastKnownFileType = sourcecode.c.objc; path = AppDelegate.m; sourceTree = "<group>"; };
		562E13521FE3AC38009C78AB /* ViewController.h */ = {isa = PBXFileReference; lastKnownFileType = sourcecode.c.h; path = ViewController.h; sourceTree = "<group>"; };
		562E13531FE3AC38009C78AB /* ViewController.m */ = {isa = PBXFileReference; lastKnownFileType = sourcecode.c.objc; path = ViewController.m; sourceTree = "<group>"; };
		562E13561FE3AC38009C78AB /* Base */ = {isa = PBXFileReference; lastKnownFileType = file.storyboard; name = Base; path = Base.lproj/Main.storyboard; sourceTree = "<group>"; };
		562E13581FE3AC38009C78AB /* Assets.xcassets */ = {isa = PBXFileReference; lastKnownFileType = folder.assetcatalog; path = Assets.xcassets; sourceTree = "<group>"; };
		562E135B1FE3AC38009C78AB /* Base */ = {isa = PBXFileReference; lastKnownFileType = file.storyboard; name = Base; path = Base.lproj/LaunchScreen.storyboard; sourceTree = "<group>"; };
		562E135D1FE3AC38009C78AB /* Info.plist */ = {isa = PBXFileReference; lastKnownFileType = text.plist.xml; path = Info.plist; sourceTree = "<group>"; };
		562E135E1FE3AC38009C78AB /* main.m */ = {isa = PBXFileReference; lastKnownFileType = sourcecode.c.objc; path = main.m; sourceTree = "<group>"; };
		562E13641FE3AC39009C78AB /* JYBinderDemoTests.xctest */ = {isa = PBXFileReference; explicitFileType = wrapper.cfbundle; includeInIndex = 0; path = JYBinderDemoTests.xctest; sourceTree = BUILT_PRODUCTS_DIR; };
		562E13681FE3AC39009C78AB /* JYBinderDemoTests.m */ = {isa = PBXFileReference; lastKnownFileType = sourcecode.c.objc; path = JYBinderDemoTests.m; sourceTree = "<group>"; };
		562E136A1FE3AC39009C78AB /* Info.plist */ = {isa = PBXFileReference; lastKnownFileType = text.plist.xml; path = Info.plist; sourceTree = "<group>"; };
		562E136F1FE3AC39009C78AB /* JYBinderDemoUITests.xctest */ = {isa = PBXFileReference; explicitFileType = wrapper.cfbundle; includeInIndex = 0; path = JYBinderDemoUITests.xctest; sourceTree = BUILT_PRODUCTS_DIR; };
		562E13731FE3AC39009C78AB /* JYBinderDemoUITests.m */ = {isa = PBXFileReference; lastKnownFileType = sourcecode.c.objc; path = JYBinderDemoUITests.m; sourceTree = "<group>"; };
		562E13751FE3AC39009C78AB /* Info.plist */ = {isa = PBXFileReference; lastKnownFileType = text.plist.xml; path = Info.plist; sourceTree = "<group>"; };
		562E13811FE3B251009C78AB /* Person.h */ = {isa = PBXFileReference; lastKnownFileType = sourcecode.c.h; path = Person.h; sourceTree = "<group>"; };
		562E13821FE3B251009C78AB /* Person.m */ = {isa = PBXFileReference; lastKnownFileType = sourcecode.c.objc; path = Person.m; sourceTree = "<group>"; };
		D19A8CF1800196C6C3A851B3 /* libPods-JYBinderDemo.a */ = {isa = PBXFileReference; explicitFileType = archive.ar; includeInIndex = 0; path = "libPods-JYBinderDemo.a"; sourceTree = BUILT_PRODUCTS_DIR; };
/* End PBXFileReference section */

/* Begin PBXFrameworksBuildPhase section */
		562E13491FE3AC38009C78AB /* Frameworks */ = {
			isa = PBXFrameworksBuildPhase;
			buildActionMask = 2147483647;
			files = (
				2BD6AC6EAE284F278F7E2994 /* libPods-JYBinderDemo.a in Frameworks */,
			);
			runOnlyForDeploymentPostprocessing = 0;
		};
		562E13611FE3AC39009C78AB /* Frameworks */ = {
			isa = PBXFrameworksBuildPhase;
			buildActionMask = 2147483647;
			files = (
			);
			runOnlyForDeploymentPostprocessing = 0;
		};
		562E136C1FE3AC39009C78AB /* Frameworks */ = {
			isa = PBXFrameworksBuildPhase;
			buildActionMask = 2147483647;
			files = (
			);
			runOnlyForDeploymentPostprocessing = 0;
		};
/* End PBXFrameworksBuildPhase section */

/* Begin PBXGroup section */
		562E13431FE3AC38009C78AB = {
			isa = PBXGroup;
			children = (
				562E134E1FE3AC38009C78AB /* JYBinderDemo */,
				562E13671FE3AC39009C78AB /* JYBinderDemoTests */,
				562E13721FE3AC39009C78AB /* JYBinderDemoUITests */,
				562E134D1FE3AC38009C78AB /* Products */,
				6B92BEE979540461442D839F /* Pods */,
				901F63247004E287AEDE4354 /* Frameworks */,
			);
			sourceTree = "<group>";
		};
		562E134D1FE3AC38009C78AB /* Products */ = {
			isa = PBXGroup;
			children = (
				562E134C1FE3AC38009C78AB /* JYBinderDemo.app */,
				562E13641FE3AC39009C78AB /* JYBinderDemoTests.xctest */,
				562E136F1FE3AC39009C78AB /* JYBinderDemoUITests.xctest */,
			);
			name = Products;
			sourceTree = "<group>";
		};
		562E134E1FE3AC38009C78AB /* JYBinderDemo */ = {
			isa = PBXGroup;
			children = (
				562E134F1FE3AC38009C78AB /* AppDelegate.h */,
				562E13501FE3AC38009C78AB /* AppDelegate.m */,
				562E13521FE3AC38009C78AB /* ViewController.h */,
				562E13531FE3AC38009C78AB /* ViewController.m */,
				562E13551FE3AC38009C78AB /* Main.storyboard */,
				562E13581FE3AC38009C78AB /* Assets.xcassets */,
				562E135A1FE3AC38009C78AB /* LaunchScreen.storyboard */,
				562E135D1FE3AC38009C78AB /* Info.plist */,
				562E135E1FE3AC38009C78AB /* main.m */,
				562E13811FE3B251009C78AB /* Person.h */,
				562E13821FE3B251009C78AB /* Person.m */,
			);
			path = JYBinderDemo;
			sourceTree = "<group>";
		};
		562E13671FE3AC39009C78AB /* JYBinderDemoTests */ = {
			isa = PBXGroup;
			children = (
				562E13681FE3AC39009C78AB /* JYBinderDemoTests.m */,
				562E136A1FE3AC39009C78AB /* Info.plist */,
			);
			path = JYBinderDemoTests;
			sourceTree = "<group>";
		};
		562E13721FE3AC39009C78AB /* JYBinderDemoUITests */ = {
			isa = PBXGroup;
			children = (
				562E13731FE3AC39009C78AB /* JYBinderDemoUITests.m */,
				562E13751FE3AC39009C78AB /* Info.plist */,
			);
			path = JYBinderDemoUITests;
			sourceTree = "<group>";
		};
		6B92BEE979540461442D839F /* Pods */ = {
			isa = PBXGroup;
			children = (
				0FFBEEF4485A8F32AF7F33E7 /* Pods-JYBinderDemo.debug.xcconfig */,
				44449FC1B18CB7BCDDF249CD /* Pods-JYBinderDemo.release.xcconfig */,
			);
			name = Pods;
			sourceTree = "<group>";
		};
		901F63247004E287AEDE4354 /* Frameworks */ = {
			isa = PBXGroup;
			children = (
				D19A8CF1800196C6C3A851B3 /* libPods-JYBinderDemo.a */,
			);
			name = Frameworks;
			sourceTree = "<group>";
		};
/* End PBXGroup section */

/* Begin PBXNativeTarget section */
		562E134B1FE3AC38009C78AB /* JYBinderDemo */ = {
			isa = PBXNativeTarget;
			buildConfigurationList = 562E13781FE3AC39009C78AB /* Build configuration list for PBXNativeTarget "JYBinderDemo" */;
			buildPhases = (
				E4077FE6136AD8999B2997D3 /* [CP] Check Pods Manifest.lock */,
				562E13481FE3AC38009C78AB /* Sources */,
				562E13491FE3AC38009C78AB /* Frameworks */,
				562E134A1FE3AC38009C78AB /* Resources */,
				7257B606997EB8F9DA575AFC /* [CP] Embed Pods Frameworks */,
				D9BBA0513F98F186F3DE5CB8 /* [CP] Copy Pods Resources */,
			);
			buildRules = (
			);
			dependencies = (
			);
			name = JYBinderDemo;
			productName = JYBinderDemo;
			productReference = 562E134C1FE3AC38009C78AB /* JYBinderDemo.app */;
			productType = "com.apple.product-type.application";
		};
		562E13631FE3AC39009C78AB /* JYBinderDemoTests */ = {
			isa = PBXNativeTarget;
			buildConfigurationList = 562E137B1FE3AC39009C78AB /* Build configuration list for PBXNativeTarget "JYBinderDemoTests" */;
			buildPhases = (
				562E13601FE3AC39009C78AB /* Sources */,
				562E13611FE3AC39009C78AB /* Frameworks */,
				562E13621FE3AC39009C78AB /* Resources */,
			);
			buildRules = (
			);
			dependencies = (
				562E13661FE3AC39009C78AB /* PBXTargetDependency */,
			);
			name = JYBinderDemoTests;
			productName = JYBinderDemoTests;
			productReference = 562E13641FE3AC39009C78AB /* JYBinderDemoTests.xctest */;
			productType = "com.apple.product-type.bundle.unit-test";
		};
		562E136E1FE3AC39009C78AB /* JYBinderDemoUITests */ = {
			isa = PBXNativeTarget;
			buildConfigurationList = 562E137E1FE3AC39009C78AB /* Build configuration list for PBXNativeTarget "JYBinderDemoUITests" */;
			buildPhases = (
				562E136B1FE3AC39009C78AB /* Sources */,
				562E136C1FE3AC39009C78AB /* Frameworks */,
				562E136D1FE3AC39009C78AB /* Resources */,
			);
			buildRules = (
			);
			dependencies = (
				562E13711FE3AC39009C78AB /* PBXTargetDependency */,
			);
			name = JYBinderDemoUITests;
			productName = JYBinderDemoUITests;
			productReference = 562E136F1FE3AC39009C78AB /* JYBinderDemoUITests.xctest */;
			productType = "com.apple.product-type.bundle.ui-testing";
		};
/* End PBXNativeTarget section */

/* Begin PBXProject section */
		562E13441FE3AC38009C78AB /* Project object */ = {
			isa = PBXProject;
			attributes = {
				LastUpgradeCheck = 0920;
				ORGANIZATIONNAME = JY;
				TargetAttributes = {
					562E134B1FE3AC38009C78AB = {
						CreatedOnToolsVersion = 9.2;
						ProvisioningStyle = Manual;
					};
					562E13631FE3AC39009C78AB = {
						CreatedOnToolsVersion = 9.2;
						ProvisioningStyle = Automatic;
						TestTargetID = 562E134B1FE3AC38009C78AB;
					};
					562E136E1FE3AC39009C78AB = {
						CreatedOnToolsVersion = 9.2;
						ProvisioningStyle = Automatic;
						TestTargetID = 562E134B1FE3AC38009C78AB;
					};
				};
			};
			buildConfigurationList = 562E13471FE3AC38009C78AB /* Build configuration list for PBXProject "JYBinderDemo" */;
			compatibilityVersion = "Xcode 8.0";
			developmentRegion = en;
			hasScannedForEncodings = 0;
			knownRegions = (
				en,
				Base,
			);
			mainGroup = 562E13431FE3AC38009C78AB;
			productRefGroup = 562E134D1FE3AC38009C78AB /* Products */;
			projectDirPath = "";
			projectRoot = "";
			targets = (
				562E134B1FE3AC38009C78AB /* JYBinderDemo */,
				562E13631FE3AC39009C78AB /* JYBinderDemoTests */,
				562E136E1FE3AC39009C78AB /* JYBinderDemoUITests */,
			);
		};
/* End PBXProject section */

/* Begin PBXResourcesBuildPhase section */
		562E134A1FE3AC38009C78AB /* Resources */ = {
			isa = PBXResourcesBuildPhase;
			buildActionMask = 2147483647;
			files = (
				562E135C1FE3AC38009C78AB /* LaunchScreen.storyboard in Resources */,
				562E13591FE3AC38009C78AB /* Assets.xcassets in Resources */,
				562E13571FE3AC38009C78AB /* Main.storyboard in Resources */,
			);
			runOnlyForDeploymentPostprocessing = 0;
		};
		562E13621FE3AC39009C78AB /* Resources */ = {
			isa = PBXResourcesBuildPhase;
			buildActionMask = 2147483647;
			files = (
			);
			runOnlyForDeploymentPostprocessing = 0;
		};
		562E136D1FE3AC39009C78AB /* Resources */ = {
			isa = PBXResourcesBuildPhase;
			buildActionMask = 2147483647;
			files = (
			);
			runOnlyForDeploymentPostprocessing = 0;
		};
/* End PBXResourcesBuildPhase section */

/* Begin PBXShellScriptBuildPhase section */
		7257B606997EB8F9DA575AFC /* [CP] Embed Pods Frameworks */ = {
			isa = PBXShellScriptBuildPhase;
			buildActionMask = 2147483647;
			files = (
			);
			inputPaths = (
			);
			name = "[CP] Embed Pods Frameworks";
			outputPaths = (
			);
			runOnlyForDeploymentPostprocessing = 0;
			shellPath = /bin/sh;
			shellScript = "\"${SRCROOT}/Pods/Target Support Files/Pods-JYBinderDemo/Pods-JYBinderDemo-frameworks.sh\"\n";
			showEnvVarsInLog = 0;
		};
		D9BBA0513F98F186F3DE5CB8 /* [CP] Copy Pods Resources */ = {
			isa = PBXShellScriptBuildPhase;
			buildActionMask = 2147483647;
			files = (
			);
			inputPaths = (
				"${SRCROOT}/Pods/Target Support Files/Pods-JYBinderDemo/Pods-JYBinderDemo-resources.sh",
				$PODS_CONFIGURATION_BUILD_DIR/JYLibrary/JYLibraryBundle.bundle,
			);
			name = "[CP] Copy Pods Resources";
			outputPaths = (
				"${TARGET_BUILD_DIR}/${UNLOCALIZED_RESOURCES_FOLDER_PATH}",
			);
			runOnlyForDeploymentPostprocessing = 0;
			shellPath = /bin/sh;
			shellScript = "\"${SRCROOT}/Pods/Target Support Files/Pods-JYBinderDemo/Pods-JYBinderDemo-resources.sh\"\n";
			showEnvVarsInLog = 0;
		};
		E4077FE6136AD8999B2997D3 /* [CP] Check Pods Manifest.lock */ = {
			isa = PBXShellScriptBuildPhase;
			buildActionMask = 2147483647;
			files = (
			);
			inputPaths = (
				"${PODS_PODFILE_DIR_PATH}/Podfile.lock",
				"${PODS_ROOT}/Manifest.lock",
			);
			name = "[CP] Check Pods Manifest.lock";
			outputPaths = (
				"$(DERIVED_FILE_DIR)/Pods-JYBinderDemo-checkManifestLockResult.txt",
			);
			runOnlyForDeploymentPostprocessing = 0;
			shellPath = /bin/sh;
			shellScript = "diff \"${PODS_ROOT}/../Podfile.lock\" \"${PODS_ROOT}/Manifest.lock\" > /dev/null\nif [ $? != 0 ] ; then\n    # print error to STDERR\n    echo \"error: The sandbox is not in sync with the Podfile.lock. Run 'pod install' or update your CocoaPods installation.\" >&2\n    exit 1\nfi\n";
			showEnvVarsInLog = 0;
		};
/* End PBXShellScriptBuildPhase section */

/* Begin PBXSourcesBuildPhase section */
		562E13481FE3AC38009C78AB /* Sources */ = {
			isa = PBXSourcesBuildPhase;
			buildActionMask = 2147483647;
			files = (
				562E13541FE3AC38009C78AB /* ViewController.m in Sources */,
				562E135F1FE3AC38009C78AB /* main.m in Sources */,
				562E13831FE3B251009C78AB /* Person.m in Sources */,
				562E13511FE3AC38009C78AB /* AppDelegate.m in Sources */,
			);
			runOnlyForDeploymentPostprocessing = 0;
		};
		562E13601FE3AC39009C78AB /* Sources */ = {
			isa = PBXSourcesBuildPhase;
			buildActionMask = 2147483647;
			files = (
				562E13691FE3AC39009C78AB /* JYBinderDemoTests.m in Sources */,
			);
			runOnlyForDeploymentPostprocessing = 0;
		};
		562E136B1FE3AC39009C78AB /* Sources */ = {
			isa = PBXSourcesBuildPhase;
			buildActionMask = 2147483647;
			files = (
				562E13741FE3AC39009C78AB /* JYBinderDemoUITests.m in Sources */,
			);
			runOnlyForDeploymentPostprocessing = 0;
		};
/* End PBXSourcesBuildPhase section */

/* Begin PBXTargetDependency section */
		562E13661FE3AC39009C78AB /* PBXTargetDependency */ = {
			isa = PBXTargetDependency;
			target = 562E134B1FE3AC38009C78AB /* JYBinderDemo */;
			targetProxy = 562E13651FE3AC39009C78AB /* PBXContainerItemProxy */;
		};
		562E13711FE3AC39009C78AB /* PBXTargetDependency */ = {
			isa = PBXTargetDependency;
			target = 562E134B1FE3AC38009C78AB /* JYBinderDemo */;
			targetProxy = 562E13701FE3AC39009C78AB /* PBXContainerItemProxy */;
		};
/* End PBXTargetDependency section */

/* Begin PBXVariantGroup section */
		562E13551FE3AC38009C78AB /* Main.storyboard */ = {
			isa = PBXVariantGroup;
			children = (
				562E13561FE3AC38009C78AB /* Base */,
			);
			name = Main.storyboard;
			sourceTree = "<group>";
		};
		562E135A1FE3AC38009C78AB /* LaunchScreen.storyboard */ = {
			isa = PBXVariantGroup;
			children = (
				562E135B1FE3AC38009C78AB /* Base */,
			);
			name = LaunchScreen.storyboard;
			sourceTree = "<group>";
		};
/* End PBXVariantGroup section */

/* Begin XCBuildConfiguration section */
		562E13761FE3AC39009C78AB /* Debug */ = {
			isa = XCBuildConfiguration;
			buildSettings = {
				ALWAYS_SEARCH_USER_PATHS = NO;
				CLANG_ANALYZER_NONNULL = YES;
				CLANG_ANALYZER_NUMBER_OBJECT_CONVERSION = YES_AGGRESSIVE;
				CLANG_CXX_LANGUAGE_STANDARD = "gnu++14";
				CLANG_CXX_LIBRARY = "libc++";
				CLANG_ENABLE_MODULES = YES;
				CLANG_ENABLE_OBJC_ARC = YES;
				CLANG_WARN_BLOCK_CAPTURE_AUTORELEASING = YES;
				CLANG_WARN_BOOL_CONVERSION = YES;
				CLANG_WARN_COMMA = YES;
				CLANG_WARN_CONSTANT_CONVERSION = YES;
				CLANG_WARN_DIRECT_OBJC_ISA_USAGE = YES_ERROR;
				CLANG_WARN_DOCUMENTATION_COMMENTS = YES;
				CLANG_WARN_EMPTY_BODY = YES;
				CLANG_WARN_ENUM_CONVERSION = YES;
				CLANG_WARN_INFINITE_RECURSION = YES;
				CLANG_WARN_INT_CONVERSION = YES;
				CLANG_WARN_NON_LITERAL_NULL_CONVERSION = YES;
				CLANG_WARN_OBJC_LITERAL_CONVERSION = YES;
				CLANG_WARN_OBJC_ROOT_CLASS = YES_ERROR;
				CLANG_WARN_RANGE_LOOP_ANALYSIS = YES;
				CLANG_WARN_STRICT_PROTOTYPES = YES;
				CLANG_WARN_SUSPICIOUS_MOVE = YES;
				CLANG_WARN_UNGUARDED_AVAILABILITY = YES_AGGRESSIVE;
				CLANG_WARN_UNREACHABLE_CODE = YES;
				CLANG_WARN__DUPLICATE_METHOD_MATCH = YES;
				CODE_SIGN_IDENTITY = "iPhone Developer";
				COPY_PHASE_STRIP = NO;
				DEBUG_INFORMATION_FORMAT = dwarf;
				ENABLE_STRICT_OBJC_MSGSEND = YES;
				ENABLE_TESTABILITY = YES;
				GCC_C_LANGUAGE_STANDARD = gnu11;
				GCC_DYNAMIC_NO_PIC = NO;
				GCC_NO_COMMON_BLOCKS = YES;
				GCC_OPTIMIZATION_LEVEL = 0;
				GCC_PREPROCESSOR_DEFINITIONS = (
					"DEBUG=1",
					"$(inherited)",
				);
				GCC_WARN_64_TO_32_BIT_CONVERSION = YES;
				GCC_WARN_ABOUT_RETURN_TYPE = YES_ERROR;
				GCC_WARN_UNDECLARED_SELECTOR = YES;
				GCC_WARN_UNINITIALIZED_AUTOS = YES_AGGRESSIVE;
				GCC_WARN_UNUSED_FUNCTION = YES;
				GCC_WARN_UNUSED_VARIABLE = YES;
				IPHONEOS_DEPLOYMENT_TARGET = 8.0;
				MTL_ENABLE_DEBUG_INFO = YES;
				ONLY_ACTIVE_ARCH = YES;
				SDKROOT = iphoneos;
			};
			name = Debug;
		};
		562E13771FE3AC39009C78AB /* Release */ = {
			isa = XCBuildConfiguration;
			buildSettings = {
				ALWAYS_SEARCH_USER_PATHS = NO;
				CLANG_ANALYZER_NONNULL = YES;
				CLANG_ANALYZER_NUMBER_OBJECT_CONVERSION = YES_AGGRESSIVE;
				CLANG_CXX_LANGUAGE_STANDARD = "gnu++14";
				CLANG_CXX_LIBRARY = "libc++";
				CLANG_ENABLE_MODULES = YES;
				CLANG_ENABLE_OBJC_ARC = YES;
				CLANG_WARN_BLOCK_CAPTURE_AUTORELEASING = YES;
				CLANG_WARN_BOOL_CONVERSION = YES;
				CLANG_WARN_COMMA = YES;
				CLANG_WARN_CONSTANT_CONVERSION = YES;
				CLANG_WARN_DIRECT_OBJC_ISA_USAGE = YES_ERROR;
				CLANG_WARN_DOCUMENTATION_COMMENTS = YES;
				CLANG_WARN_EMPTY_BODY = YES;
				CLANG_WARN_ENUM_CONVERSION = YES;
				CLANG_WARN_INFINITE_RECURSION = YES;
				CLANG_WARN_INT_CONVERSION = YES;
				CLANG_WARN_NON_LITERAL_NULL_CONVERSION = YES;
				CLANG_WARN_OBJC_LITERAL_CONVERSION = YES;
				CLANG_WARN_OBJC_ROOT_CLASS = YES_ERROR;
				CLANG_WARN_RANGE_LOOP_ANALYSIS = YES;
				CLANG_WARN_STRICT_PROTOTYPES = YES;
				CLANG_WARN_SUSPICIOUS_MOVE = YES;
				CLANG_WARN_UNGUARDED_AVAILABILITY = YES_AGGRESSIVE;
				CLANG_WARN_UNREACHABLE_CODE = YES;
				CLANG_WARN__DUPLICATE_METHOD_MATCH = YES;
				CODE_SIGN_IDENTITY = "iPhone Developer";
				COPY_PHASE_STRIP = NO;
				DEBUG_INFORMATION_FORMAT = "dwarf-with-dsym";
				ENABLE_NS_ASSERTIONS = NO;
				ENABLE_STRICT_OBJC_MSGSEND = YES;
				GCC_C_LANGUAGE_STANDARD = gnu11;
				GCC_NO_COMMON_BLOCKS = YES;
				GCC_WARN_64_TO_32_BIT_CONVERSION = YES;
				GCC_WARN_ABOUT_RETURN_TYPE = YES_ERROR;
				GCC_WARN_UNDECLARED_SELECTOR = YES;
				GCC_WARN_UNINITIALIZED_AUTOS = YES_AGGRESSIVE;
				GCC_WARN_UNUSED_FUNCTION = YES;
				GCC_WARN_UNUSED_VARIABLE = YES;
				IPHONEOS_DEPLOYMENT_TARGET = 8.0;
				MTL_ENABLE_DEBUG_INFO = NO;
				SDKROOT = iphoneos;
				VALIDATE_PRODUCT = YES;
			};
			name = Release;
		};
		562E13791FE3AC39009C78AB /* Debug */ = {
			isa = XCBuildConfiguration;
			baseConfigurationReference = 0FFBEEF4485A8F32AF7F33E7 /* Pods-JYBinderDemo.debug.xcconfig */;
			buildSettings = {
				ASSETCATALOG_COMPILER_APPICON_NAME = AppIcon;
				CODE_SIGN_STYLE = Manual;
				DEVELOPMENT_TEAM = A42W6VHWT2;
				INFOPLIST_FILE = JYBinderDemo/Info.plist;
				IPHONEOS_DEPLOYMENT_TARGET = 8.0;
				LD_RUNPATH_SEARCH_PATHS = "$(inherited) @executable_path/Frameworks";
				PRODUCT_BUNDLE_IDENTIFIER = com.jy.JYBinderDemo;
				PRODUCT_NAME = "$(TARGET_NAME)";
				PROVISIONING_PROFILE = "6e008356-e04d-4cc0-9c0c-4eadee65b8ba";
				PROVISIONING_PROFILE_SPECIFIER = "wisp enterprise dev";
				TARGETED_DEVICE_FAMILY = "1,2";
			};
			name = Debug;
		};
		562E137A1FE3AC39009C78AB /* Release */ = {
			isa = XCBuildConfiguration;
			baseConfigurationReference = 44449FC1B18CB7BCDDF249CD /* Pods-JYBinderDemo.release.xcconfig */;
			buildSettings = {
				ASSETCATALOG_COMPILER_APPICON_NAME = AppIcon;
				CODE_SIGN_STYLE = Manual;
				DEVELOPMENT_TEAM = "";
				INFOPLIST_FILE = JYBinderDemo/Info.plist;
				IPHONEOS_DEPLOYMENT_TARGET = 8.0;
				LD_RUNPATH_SEARCH_PATHS = "$(inherited) @executable_path/Frameworks";
				PRODUCT_BUNDLE_IDENTIFIER = com.jy.JYBinderDemo;
				PRODUCT_NAME = "$(TARGET_NAME)";
				PROVISIONING_PROFILE_SPECIFIER = "";
				TARGETED_DEVICE_FAMILY = "1,2";
			};
			name = Release;
		};
		562E137C1FE3AC39009C78AB /* Debug */ = {
			isa = XCBuildConfiguration;
			buildSettings = {
				BUNDLE_LOADER = "$(TEST_HOST)";
				CODE_SIGN_STYLE = Automatic;
				INFOPLIST_FILE = JYBinderDemoTests/Info.plist;
				LD_RUNPATH_SEARCH_PATHS = "$(inherited) @executable_path/Frameworks @loader_path/Frameworks";
				PRODUCT_BUNDLE_IDENTIFIER = com.jy.JYBinderDemoTests;
				PRODUCT_NAME = "$(TARGET_NAME)";
				TARGETED_DEVICE_FAMILY = "1,2";
				TEST_HOST = "$(BUILT_PRODUCTS_DIR)/JYBinderDemo.app/JYBinderDemo";
			};
			name = Debug;
		};
		562E137D1FE3AC39009C78AB /* Release */ = {
			isa = XCBuildConfiguration;
			buildSettings = {
				BUNDLE_LOADER = "$(TEST_HOST)";
				CODE_SIGN_STYLE = Automatic;
				INFOPLIST_FILE = JYBinderDemoTests/Info.plist;
				LD_RUNPATH_SEARCH_PATHS = "$(inherited) @executable_path/Frameworks @loader_path/Frameworks";
				PRODUCT_BUNDLE_IDENTIFIER = com.jy.JYBinderDemoTests;
				PRODUCT_NAME = "$(TARGET_NAME)";
				TARGETED_DEVICE_FAMILY = "1,2";
				TEST_HOST = "$(BUILT_PRODUCTS_DIR)/JYBinderDemo.app/JYBinderDemo";
			};
			name = Release;
		};
		562E137F1FE3AC39009C78AB /* Debug */ = {
			isa = XCBuildConfiguration;
			buildSettings = {
				CODE_SIGN_STYLE = Automatic;
				INFOPLIST_FILE = JYBinderDemoUITests/Info.plist;
				LD_RUNPATH_SEARCH_PATHS = "$(inherited) @executable_path/Frameworks @loader_path/Frameworks";
				PRODUCT_BUNDLE_IDENTIFIER = com.jy.JYBinderDemoUITests;
				PRODUCT_NAME = "$(TARGET_NAME)";
				TARGETED_DEVICE_FAMILY = "1,2";
				TEST_TARGET_NAME = JYBinderDemo;
			};
			name = Debug;
		};
		562E13801FE3AC39009C78AB /* Release */ = {
			isa = XCBuildConfiguration;
			buildSettings = {
				CODE_SIGN_STYLE = Automatic;
				INFOPLIST_FILE = JYBinderDemoUITests/Info.plist;
				LD_RUNPATH_SEARCH_PATHS = "$(inherited) @executable_path/Frameworks @loader_path/Frameworks";
				PRODUCT_BUNDLE_IDENTIFIER = com.jy.JYBinderDemoUITests;
				PRODUCT_NAME = "$(TARGET_NAME)";
				TARGETED_DEVICE_FAMILY = "1,2";
				TEST_TARGET_NAME = JYBinderDemo;
			};
			name = Release;
		};
/* End XCBuildConfiguration section */

/* Begin XCConfigurationList section */
		562E13471FE3AC38009C78AB /* Build configuration list for PBXProject "JYBinderDemo" */ = {
			isa = XCConfigurationList;
			buildConfigurations = (
				562E13761FE3AC39009C78AB /* Debug */,
				562E13771FE3AC39009C78AB /* Release */,
			);
			defaultConfigurationIsVisible = 0;
			defaultConfigurationName = Release;
		};
		562E13781FE3AC39009C78AB /* Build configuration list for PBXNativeTarget "JYBinderDemo" */ = {
			isa = XCConfigurationList;
			buildConfigurations = (
				562E13791FE3AC39009C78AB /* Debug */,
				562E137A1FE3AC39009C78AB /* Release */,
			);
			defaultConfigurationIsVisible = 0;
			defaultConfigurationName = Release;
		};
		562E137B1FE3AC39009C78AB /* Build configuration list for PBXNativeTarget "JYBinderDemoTests" */ = {
			isa = XCConfigurationList;
			buildConfigurations = (
				562E137C1FE3AC39009C78AB /* Debug */,
				562E137D1FE3AC39009C78AB /* Release */,
			);
			defaultConfigurationIsVisible = 0;
			defaultConfigurationName = Release;
		};
		562E137E1FE3AC39009C78AB /* Build configuration list for PBXNativeTarget "JYBinderDemoUITests" */ = {
			isa = XCConfigurationList;
			buildConfigurations = (
				562E137F1FE3AC39009C78AB /* Debug */,
				562E13801FE3AC39009C78AB /* Release */,
			);
			defaultConfigurationIsVisible = 0;
			defaultConfigurationName = Release;
		};
/* End XCConfigurationList section */
	};
	rootObject = 562E13441FE3AC38009C78AB /* Project object */;
}
